// !$*UTF8*$!
{
	archiveVersion = 1;
	classes = {
	};
	objectVersion = 77;
	objects = {

/* Begin PBXCopyFilesBuildPhase section */
		AAA466422DA2971700E4112A /* CopyFiles */ = {
			isa = PBXCopyFilesBuildPhase;
			buildActionMask = 2147483647;
			dstPath = /usr/share/man/man1/;
			dstSubfolderSpec = 0;
			files = (
			);
			runOnlyForDeploymentPostprocessing = 1;
		};
		AAA4664D2DA2A76600E4112A /* CopyFiles */ = {
			isa = PBXCopyFilesBuildPhase;
			buildActionMask = 2147483647;
			dstPath = /usr/share/man/man1/;
			dstSubfolderSpec = 0;
			files = (
			);
			runOnlyForDeploymentPostprocessing = 1;
		};
		AAA9BB002DA20DDE002DD156 /* CopyFiles */ = {
			isa = PBXCopyFilesBuildPhase;
			buildActionMask = 2147483647;
			dstPath = /usr/share/man/man1/;
			dstSubfolderSpec = 0;
			files = (
			);
			runOnlyForDeploymentPostprocessing = 1;
		};
		AAAADF612DA3557A00E0B775 /* CopyFiles */ = {
			isa = PBXCopyFilesBuildPhase;
			buildActionMask = 2147483647;
			dstPath = /usr/share/man/man1/;
			dstSubfolderSpec = 0;
			files = (
			);
			runOnlyForDeploymentPostprocessing = 1;
		};
		AAAADF6C2DA360E900E0B775 /* CopyFiles */ = {
			isa = PBXCopyFilesBuildPhase;
			buildActionMask = 2147483647;
			dstPath = /usr/share/man/man1/;
			dstSubfolderSpec = 0;
			files = (
			);
			runOnlyForDeploymentPostprocessing = 1;
		};
		AAAADF772DA36A9D00E0B775 /* CopyFiles */ = {
			isa = PBXCopyFilesBuildPhase;
			buildActionMask = 2147483647;
			dstPath = /usr/share/man/man1/;
			dstSubfolderSpec = 0;
			files = (
			);
			runOnlyForDeploymentPostprocessing = 1;
		};
/* End PBXCopyFilesBuildPhase section */

/* Begin PBXFileReference section */
		AAA466442DA2971700E4112A /* 02_704. 二分查找 */ = {isa = PBXFileReference; explicitFileType = "compiled.mach-o.executable"; includeInIndex = 0; path = "02_704. 二分查找"; sourceTree = BUILT_PRODUCTS_DIR; };
		AAA4664F2DA2A76600E4112A /* 03_50. Pow(x, n) */ = {isa = PBXFileReference; explicitFileType = "compiled.mach-o.executable"; includeInIndex = 0; path = "03_50. Pow(x, n)"; sourceTree = BUILT_PRODUCTS_DIR; };
		AAA9BB022DA20DDE002DD156 /* 01_234. 回文链表 */ = {isa = PBXFileReference; explicitFileType = "compiled.mach-o.executable"; includeInIndex = 0; path = "01_234. 回文链表"; sourceTree = BUILT_PRODUCTS_DIR; };
		AAAADF632DA3557A00E0B775 /* 04_141. 环形链表 */ = {isa = PBXFileReference; explicitFileType = "compiled.mach-o.executable"; includeInIndex = 0; path = "04_141. 环形链表"; sourceTree = BUILT_PRODUCTS_DIR; };
		AAAADF6E2DA360E900E0B775 /* 05_142. 环形链表 II */ = {isa = PBXFileReference; explicitFileType = "compiled.mach-o.executable"; includeInIndex = 0; path = "05_142. 环形链表 II"; sourceTree = BUILT_PRODUCTS_DIR; };
		AAAADF792DA36A9D00E0B775 /* 06_21. 合并两个有序链表 */ = {isa = PBXFileReference; explicitFileType = "compiled.mach-o.executable"; includeInIndex = 0; path = "06_21. 合并两个有序链表"; sourceTree = BUILT_PRODUCTS_DIR; };
/* End PBXFileReference section */

/* Begin PBXFileSystemSynchronizedRootGroup section */
		AAA466452DA2971700E4112A /* 02_704. 二分查找 */ = {
			isa = PBXFileSystemSynchronizedRootGroup;
			path = "02_704. 二分查找";
			sourceTree = "<group>";
		};
		AAA466502DA2A76600E4112A /* 03_50. Pow(x, n) */ = {
			isa = PBXFileSystemSynchronizedRootGroup;
			path = "03_50. Pow(x, n)";
			sourceTree = "<group>";
		};
		AAA9BB032DA20DDE002DD156 /* 01_234. 回文链表 */ = {
			isa = PBXFileSystemSynchronizedRootGroup;
			path = "01_234. 回文链表";
			sourceTree = "<group>";
		};
		AAAADF642DA3557A00E0B775 /* 04_141. 环形链表 */ = {
			isa = PBXFileSystemSynchronizedRootGroup;
			path = "04_141. 环形链表";
			sourceTree = "<group>";
		};
		AAAADF6F2DA360E900E0B775 /* 05_142. 环形链表 II */ = {
			isa = PBXFileSystemSynchronizedRootGroup;
			path = "05_142. 环形链表 II";
			sourceTree = "<group>";
		};
		AAAADF7A2DA36A9D00E0B775 /* 06_21. 合并两个有序链表 */ = {
			isa = PBXFileSystemSynchronizedRootGroup;
			path = "06_21. 合并两个有序链表";
			sourceTree = "<group>";
		};
/* End PBXFileSystemSynchronizedRootGroup section */

/* Begin PBXFrameworksBuildPhase section */
		AAA466412DA2971700E4112A /* Frameworks */ = {
			isa = PBXFrameworksBuildPhase;
			buildActionMask = 2147483647;
			files = (
			);
			runOnlyForDeploymentPostprocessing = 0;
		};
		AAA4664C2DA2A76600E4112A /* Frameworks */ = {
			isa = PBXFrameworksBuildPhase;
			buildActionMask = 2147483647;
			files = (
			);
			runOnlyForDeploymentPostprocessing = 0;
		};
		AAA9BAFF2DA20DDE002DD156 /* Frameworks */ = {
			isa = PBXFrameworksBuildPhase;
			buildActionMask = 2147483647;
			files = (
			);
			runOnlyForDeploymentPostprocessing = 0;
		};
		AAAADF602DA3557A00E0B775 /* Frameworks */ = {
			isa = PBXFrameworksBuildPhase;
			buildActionMask = 2147483647;
			files = (
			);
			runOnlyForDeploymentPostprocessing = 0;
		};
		AAAADF6B2DA360E900E0B775 /* Frameworks */ = {
			isa = PBXFrameworksBuildPhase;
			buildActionMask = 2147483647;
			files = (
			);
			runOnlyForDeploymentPostprocessing = 0;
		};
		AAAADF762DA36A9D00E0B775 /* Frameworks */ = {
			isa = PBXFrameworksBuildPhase;
			buildActionMask = 2147483647;
			files = (
			);
			runOnlyForDeploymentPostprocessing = 0;
		};
/* End PBXFrameworksBuildPhase section */

/* Begin PBXGroup section */
		AAA9BAE92DA20C76002DD156 = {
			isa = PBXGroup;
			children = (
				AAA9BB032DA20DDE002DD156 /* 01_234. 回文链表 */,
				AAA466452DA2971700E4112A /* 02_704. 二分查找 */,
				AAA466502DA2A76600E4112A /* 03_50. Pow(x, n) */,
				AAAADF642DA3557A00E0B775 /* 04_141. 环形链表 */,
				AAAADF6F2DA360E900E0B775 /* 05_142. 环形链表 II */,
				AAAADF7A2DA36A9D00E0B775 /* 06_21. 合并两个有序链表 */,
				AAA9BAF32DA20C76002DD156 /* Products */,
			);
			sourceTree = "<group>";
		};
		AAA9BAF32DA20C76002DD156 /* Products */ = {
			isa = PBXGroup;
			children = (
				AAA9BB022DA20DDE002DD156 /* 01_234. 回文链表 */,
				AAA466442DA2971700E4112A /* 02_704. 二分查找 */,
				AAA4664F2DA2A76600E4112A /* 03_50. Pow(x, n) */,
				AAAADF632DA3557A00E0B775 /* 04_141. 环形链表 */,
				AAAADF6E2DA360E900E0B775 /* 05_142. 环形链表 II */,
				AAAADF792DA36A9D00E0B775 /* 06_21. 合并两个有序链表 */,
			);
			name = Products;
			sourceTree = "<group>";
		};
/* End PBXGroup section */

/* Begin PBXNativeTarget section */
		AAA466432DA2971700E4112A /* 02_704. 二分查找 */ = {
			isa = PBXNativeTarget;
			buildConfigurationList = AAA4664A2DA2971700E4112A /* Build configuration list for PBXNativeTarget "02_704. 二分查找" */;
			buildPhases = (
				AAA466402DA2971700E4112A /* Sources */,
				AAA466412DA2971700E4112A /* Frameworks */,
				AAA466422DA2971700E4112A /* CopyFiles */,
			);
			buildRules = (
			);
			dependencies = (
			);
			fileSystemSynchronizedGroups = (
				AAA466452DA2971700E4112A /* 02_704. 二分查找 */,
			);
			name = "02_704. 二分查找";
			packageProductDependencies = (
			);
			productName = "02_704. 二分查找";
			productReference = AAA466442DA2971700E4112A /* 02_704. 二分查找 */;
			productType = "com.apple.product-type.tool";
		};
		AAA4664E2DA2A76600E4112A /* 03_50. Pow(x, n) */ = {
			isa = PBXNativeTarget;
			buildConfigurationList = AAA466532DA2A76600E4112A /* Build configuration list for PBXNativeTarget "03_50. Pow(x, n)" */;
			buildPhases = (
				AAA4664B2DA2A76600E4112A /* Sources */,
				AAA4664C2DA2A76600E4112A /* Frameworks */,
				AAA4664D2DA2A76600E4112A /* CopyFiles */,
			);
			buildRules = (
			);
			dependencies = (
			);
			fileSystemSynchronizedGroups = (
				AAA466502DA2A76600E4112A /* 03_50. Pow(x, n) */,
			);
			name = "03_50. Pow(x, n)";
			packageProductDependencies = (
			);
			productName = "03_50. Pow(x, n)";
			productReference = AAA4664F2DA2A76600E4112A /* 03_50. Pow(x, n) */;
			productType = "com.apple.product-type.tool";
		};
		AAA9BB012DA20DDE002DD156 /* 01_234. 回文链表 */ = {
			isa = PBXNativeTarget;
			buildConfigurationList = AAA9BB082DA20DDE002DD156 /* Build configuration list for PBXNativeTarget "01_234. 回文链表" */;
			buildPhases = (
				AAA9BAFE2DA20DDE002DD156 /* Sources */,
				AAA9BAFF2DA20DDE002DD156 /* Frameworks */,
				AAA9BB002DA20DDE002DD156 /* CopyFiles */,
			);
			buildRules = (
			);
			dependencies = (
			);
			fileSystemSynchronizedGroups = (
				AAA9BB032DA20DDE002DD156 /* 01_234. 回文链表 */,
			);
			name = "01_234. 回文链表";
			packageProductDependencies = (
			);
			productName = "01_234. 回文链表";
			productReference = AAA9BB022DA20DDE002DD156 /* 01_234. 回文链表 */;
			productType = "com.apple.product-type.tool";
		};
		AAAADF622DA3557A00E0B775 /* 04_141. 环形链表 */ = {
			isa = PBXNativeTarget;
			buildConfigurationList = AAAADF692DA3557A00E0B775 /* Build configuration list for PBXNativeTarget "04_141. 环形链表" */;
			buildPhases = (
				AAAADF5F2DA3557A00E0B775 /* Sources */,
				AAAADF602DA3557A00E0B775 /* Frameworks */,
				AAAADF612DA3557A00E0B775 /* CopyFiles */,
			);
			buildRules = (
			);
			dependencies = (
			);
			fileSystemSynchronizedGroups = (
				AAAADF642DA3557A00E0B775 /* 04_141. 环形链表 */,
			);
			name = "04_141. 环形链表";
			packageProductDependencies = (
			);
			productName = "04_141. 环形链表";
			productReference = AAAADF632DA3557A00E0B775 /* 04_141. 环形链表 */;
			productType = "com.apple.product-type.tool";
		};
		AAAADF6D2DA360E900E0B775 /* 05_142. 环形链表 II */ = {
			isa = PBXNativeTarget;
			buildConfigurationList = AAAADF722DA360E900E0B775 /* Build configuration list for PBXNativeTarget "05_142. 环形链表 II" */;
			buildPhases = (
				AAAADF6A2DA360E900E0B775 /* Sources */,
				AAAADF6B2DA360E900E0B775 /* Frameworks */,
				AAAADF6C2DA360E900E0B775 /* CopyFiles */,
			);
			buildRules = (
			);
			dependencies = (
			);
			fileSystemSynchronizedGroups = (
				AAAADF6F2DA360E900E0B775 /* 05_142. 环形链表 II */,
			);
			name = "05_142. 环形链表 II";
			packageProductDependencies = (
			);
			productName = "05_142. 环形链表 II";
			productReference = AAAADF6E2DA360E900E0B775 /* 05_142. 环形链表 II */;
			productType = "com.apple.product-type.tool";
		};
		AAAADF782DA36A9D00E0B775 /* 06_21. 合并两个有序链表 */ = {
			isa = PBXNativeTarget;
			buildConfigurationList = AAAADF7D2DA36A9D00E0B775 /* Build configuration list for PBXNativeTarget "06_21. 合并两个有序链表" */;
			buildPhases = (
				AAAADF752DA36A9D00E0B775 /* Sources */,
				AAAADF762DA36A9D00E0B775 /* Frameworks */,
				AAAADF772DA36A9D00E0B775 /* CopyFiles */,
			);
			buildRules = (
			);
			dependencies = (
			);
			fileSystemSynchronizedGroups = (
				AAAADF7A2DA36A9D00E0B775 /* 06_21. 合并两个有序链表 */,
			);
			name = "06_21. 合并两个有序链表";
			packageProductDependencies = (
			);
			productName = "06_21. 合并两个有序链表";
			productReference = AAAADF792DA36A9D00E0B775 /* 06_21. 合并两个有序链表 */;
			productType = "com.apple.product-type.tool";
		};
/* End PBXNativeTarget section */

/* Begin PBXProject section */
		AAA9BAEA2DA20C76002DD156 /* Project object */ = {
			isa = PBXProject;
			attributes = {
				BuildIndependentTargetsInParallel = 1;
				LastUpgradeCheck = 1620;
				TargetAttributes = {
					AAA466432DA2971700E4112A = {
						CreatedOnToolsVersion = 16.2;
					};
					AAA4664E2DA2A76600E4112A = {
						CreatedOnToolsVersion = 16.2;
					};
					AAA9BB012DA20DDE002DD156 = {
						CreatedOnToolsVersion = 16.2;
					};
					AAAADF622DA3557A00E0B775 = {
						CreatedOnToolsVersion = 16.2;
					};
					AAAADF6D2DA360E900E0B775 = {
						CreatedOnToolsVersion = 16.2;
					};
					AAAADF782DA36A9D00E0B775 = {
						CreatedOnToolsVersion = 16.2;
					};
				};
			};
			buildConfigurationList = AAA9BAED2DA20C76002DD156 /* Build configuration list for PBXProject "c_do_leetcode" */;
			developmentRegion = en;
			hasScannedForEncodings = 0;
			knownRegions = (
				en,
				Base,
			);
			mainGroup = AAA9BAE92DA20C76002DD156;
			minimizedProjectReferenceProxies = 1;
			preferredProjectObjectVersion = 77;
			productRefGroup = AAA9BAF32DA20C76002DD156 /* Products */;
			projectDirPath = "";
			projectRoot = "";
			targets = (
				AAA9BB012DA20DDE002DD156 /* 01_234. 回文链表 */,
				AAA466432DA2971700E4112A /* 02_704. 二分查找 */,
				AAA4664E2DA2A76600E4112A /* 03_50. Pow(x, n) */,
				AAAADF622DA3557A00E0B775 /* 04_141. 环形链表 */,
				AAAADF6D2DA360E900E0B775 /* 05_142. 环形链表 II */,
				AAAADF782DA36A9D00E0B775 /* 06_21. 合并两个有序链表 */,
			);
		};
/* End PBXProject section */

/* Begin PBXSourcesBuildPhase section */
		AAA466402DA2971700E4112A /* Sources */ = {
			isa = PBXSourcesBuildPhase;
			buildActionMask = 2147483647;
			files = (
			);
			runOnlyForDeploymentPostprocessing = 0;
		};
		AAA4664B2DA2A76600E4112A /* Sources */ = {
			isa = PBXSourcesBuildPhase;
			buildActionMask = 2147483647;
			files = (
			);
			runOnlyForDeploymentPostprocessing = 0;
		};
		AAA9BAFE2DA20DDE002DD156 /* Sources */ = {
			isa = PBXSourcesBuildPhase;
			buildActionMask = 2147483647;
			files = (
			);
			runOnlyForDeploymentPostprocessing = 0;
		};
		AAAADF5F2DA3557A00E0B775 /* Sources */ = {
			isa = PBXSourcesBuildPhase;
			buildActionMask = 2147483647;
			files = (
			);
			runOnlyForDeploymentPostprocessing = 0;
		};
		AAAADF6A2DA360E900E0B775 /* Sources */ = {
			isa = PBXSourcesBuildPhase;
			buildActionMask = 2147483647;
			files = (
			);
			runOnlyForDeploymentPostprocessing = 0;
		};
		AAAADF752DA36A9D00E0B775 /* Sources */ = {
			isa = PBXSourcesBuildPhase;
			buildActionMask = 2147483647;
			files = (
			);
			runOnlyForDeploymentPostprocessing = 0;
		};
/* End PBXSourcesBuildPhase section */

/* Begin XCBuildConfiguration section */
		AAA466482DA2971700E4112A /* Debug */ = {
			isa = XCBuildConfiguration;
			buildSettings = {
				CODE_SIGN_STYLE = Automatic;
				DEVELOPMENT_TEAM = WZA497Y6EH;
				ENABLE_HARDENED_RUNTIME = YES;
				PRODUCT_NAME = "$(TARGET_NAME)";
			};
			name = Debug;
		};
		AAA466492DA2971700E4112A /* Release */ = {
			isa = XCBuildConfiguration;
			buildSettings = {
				CODE_SIGN_STYLE = Automatic;
				DEVELOPMENT_TEAM = WZA497Y6EH;
				ENABLE_HARDENED_RUNTIME = YES;
				PRODUCT_NAME = "$(TARGET_NAME)";
			};
			name = Release;
		};
		AAA466542DA2A76600E4112A /* Debug */ = {
			isa = XCBuildConfiguration;
			buildSettings = {
				CODE_SIGN_STYLE = Automatic;
				DEVELOPMENT_TEAM = WZA497Y6EH;
				ENABLE_HARDENED_RUNTIME = YES;
				PRODUCT_NAME = "$(TARGET_NAME)";
			};
			name = Debug;
		};
		AAA466552DA2A76600E4112A /* Release */ = {
			isa = XCBuildConfiguration;
			buildSettings = {
				CODE_SIGN_STYLE = Automatic;
				DEVELOPMENT_TEAM = WZA497Y6EH;
				ENABLE_HARDENED_RUNTIME = YES;
				PRODUCT_NAME = "$(TARGET_NAME)";
			};
			name = Release;
		};
		AAA9BAF72DA20C76002DD156 /* Debug */ = {
			isa = XCBuildConfiguration;
			buildSettings = {
				ALWAYS_SEARCH_USER_PATHS = NO;
				ASSETCATALOG_COMPILER_GENERATE_SWIFT_ASSET_SYMBOL_EXTENSIONS = YES;
				CLANG_ANALYZER_NONNULL = YES;
				CLANG_ANALYZER_NUMBER_OBJECT_CONVERSION = YES_AGGRESSIVE;
				CLANG_CXX_LANGUAGE_STANDARD = "gnu++20";
				CLANG_ENABLE_MODULES = YES;
				CLANG_ENABLE_OBJC_ARC = YES;
				CLANG_ENABLE_OBJC_WEAK = YES;
				CLANG_WARN_BLOCK_CAPTURE_AUTORELEASING = YES;
				CLANG_WARN_BOOL_CONVERSION = YES;
				CLANG_WARN_COMMA = YES;
				CLANG_WARN_CONSTANT_CONVERSION = YES;
				CLANG_WARN_DEPRECATED_OBJC_IMPLEMENTATIONS = YES;
				CLANG_WARN_DIRECT_OBJC_ISA_USAGE = YES_ERROR;
				CLANG_WARN_DOCUMENTATION_COMMENTS = YES;
				CLANG_WARN_EMPTY_BODY = YES;
				CLANG_WARN_ENUM_CONVERSION = YES;
				CLANG_WARN_INFINITE_RECURSION = YES;
				CLANG_WARN_INT_CONVERSION = YES;
				CLANG_WARN_NON_LITERAL_NULL_CONVERSION = YES;
				CLANG_WARN_OBJC_IMPLICIT_RETAIN_SELF = YES;
				CLANG_WARN_OBJC_LITERAL_CONVERSION = YES;
				CLANG_WARN_OBJC_ROOT_CLASS = YES_ERROR;
				CLANG_WARN_QUOTED_INCLUDE_IN_FRAMEWORK_HEADER = YES;
				CLANG_WARN_RANGE_LOOP_ANALYSIS = YES;
				CLANG_WARN_STRICT_PROTOTYPES = YES;
				CLANG_WARN_SUSPICIOUS_MOVE = YES;
				CLANG_WARN_UNGUARDED_AVAILABILITY = YES_AGGRESSIVE;
				CLANG_WARN_UNREACHABLE_CODE = YES;
				CLANG_WARN__DUPLICATE_METHOD_MATCH = YES;
				COPY_PHASE_STRIP = NO;
				DEBUG_INFORMATION_FORMAT = dwarf;
				ENABLE_STRICT_OBJC_MSGSEND = YES;
				ENABLE_TESTABILITY = YES;
				ENABLE_USER_SCRIPT_SANDBOXING = YES;
				GCC_C_LANGUAGE_STANDARD = gnu17;
				GCC_DYNAMIC_NO_PIC = NO;
				GCC_NO_COMMON_BLOCKS = YES;
				GCC_OPTIMIZATION_LEVEL = 0;
				GCC_PREPROCESSOR_DEFINITIONS = (
					"DEBUG=1",
					"$(inherited)",
				);
				GCC_WARN_64_TO_32_BIT_CONVERSION = YES;
				GCC_WARN_ABOUT_RETURN_TYPE = YES_ERROR;
				GCC_WARN_UNDECLARED_SELECTOR = YES;
				GCC_WARN_UNINITIALIZED_AUTOS = YES_AGGRESSIVE;
				GCC_WARN_UNUSED_FUNCTION = YES;
				GCC_WARN_UNUSED_VARIABLE = YES;
				LOCALIZATION_PREFERS_STRING_CATALOGS = YES;
				MACOSX_DEPLOYMENT_TARGET = 15.2;
				MTL_ENABLE_DEBUG_INFO = INCLUDE_SOURCE;
				MTL_FAST_MATH = YES;
				ONLY_ACTIVE_ARCH = YES;
				SDKROOT = macosx;
			};
			name = Debug;
		};
		AAA9BAF82DA20C76002DD156 /* Release */ = {
			isa = XCBuildConfiguration;
			buildSettings = {
				ALWAYS_SEARCH_USER_PATHS = NO;
				ASSETCATALOG_COMPILER_GENERATE_SWIFT_ASSET_SYMBOL_EXTENSIONS = YES;
				CLANG_ANALYZER_NONNULL = YES;
				CLANG_ANALYZER_NUMBER_OBJECT_CONVERSION = YES_AGGRESSIVE;
				CLANG_CXX_LANGUAGE_STANDARD = "gnu++20";
				CLANG_ENABLE_MODULES = YES;
				CLANG_ENABLE_OBJC_ARC = YES;
				CLANG_ENABLE_OBJC_WEAK = YES;
				CLANG_WARN_BLOCK_CAPTURE_AUTORELEASING = YES;
				CLANG_WARN_BOOL_CONVERSION = YES;
				CLANG_WARN_COMMA = YES;
				CLANG_WARN_CONSTANT_CONVERSION = YES;
				CLANG_WARN_DEPRECATED_OBJC_IMPLEMENTATIONS = YES;
				CLANG_WARN_DIRECT_OBJC_ISA_USAGE = YES_ERROR;
				CLANG_WARN_DOCUMENTATION_COMMENTS = YES;
				CLANG_WARN_EMPTY_BODY = YES;
				CLANG_WARN_ENUM_CONVERSION = YES;
				CLANG_WARN_INFINITE_RECURSION = YES;
				CLANG_WARN_INT_CONVERSION = YES;
				CLANG_WARN_NON_LITERAL_NULL_CONVERSION = YES;
				CLANG_WARN_OBJC_IMPLICIT_RETAIN_SELF = YES;
				CLANG_WARN_OBJC_LITERAL_CONVERSION = YES;
				CLANG_WARN_OBJC_ROOT_CLASS = YES_ERROR;
				CLANG_WARN_QUOTED_INCLUDE_IN_FRAMEWORK_HEADER = YES;
				CLANG_WARN_RANGE_LOOP_ANALYSIS = YES;
				CLANG_WARN_STRICT_PROTOTYPES = YES;
				CLANG_WARN_SUSPICIOUS_MOVE = YES;
				CLANG_WARN_UNGUARDED_AVAILABILITY = YES_AGGRESSIVE;
				CLANG_WARN_UNREACHABLE_CODE = YES;
				CLANG_WARN__DUPLICATE_METHOD_MATCH = YES;
				COPY_PHASE_STRIP = NO;
				DEBUG_INFORMATION_FORMAT = "dwarf-with-dsym";
				ENABLE_NS_ASSERTIONS = NO;
				ENABLE_STRICT_OBJC_MSGSEND = YES;
				ENABLE_USER_SCRIPT_SANDBOXING = YES;
				GCC_C_LANGUAGE_STANDARD = gnu17;
				GCC_NO_COMMON_BLOCKS = YES;
				GCC_WARN_64_TO_32_BIT_CONVERSION = YES;
				GCC_WARN_ABOUT_RETURN_TYPE = YES_ERROR;
				GCC_WARN_UNDECLARED_SELECTOR = YES;
				GCC_WARN_UNINITIALIZED_AUTOS = YES_AGGRESSIVE;
				GCC_WARN_UNUSED_FUNCTION = YES;
				GCC_WARN_UNUSED_VARIABLE = YES;
				LOCALIZATION_PREFERS_STRING_CATALOGS = YES;
				MACOSX_DEPLOYMENT_TARGET = 15.2;
				MTL_ENABLE_DEBUG_INFO = NO;
				MTL_FAST_MATH = YES;
				SDKROOT = macosx;
			};
			name = Release;
		};
		AAA9BB062DA20DDE002DD156 /* Debug */ = {
			isa = XCBuildConfiguration;
			buildSettings = {
				CODE_SIGN_STYLE = Automatic;
				DEVELOPMENT_TEAM = WZA497Y6EH;
				ENABLE_HARDENED_RUNTIME = YES;
				PRODUCT_NAME = "$(TARGET_NAME)";
			};
			name = Debug;
		};
		AAA9BB072DA20DDE002DD156 /* Release */ = {
			isa = XCBuildConfiguration;
			buildSettings = {
				CODE_SIGN_STYLE = Automatic;
				DEVELOPMENT_TEAM = WZA497Y6EH;
				ENABLE_HARDENED_RUNTIME = YES;
				PRODUCT_NAME = "$(TARGET_NAME)";
			};
			name = Release;
		};
		AAAADF672DA3557A00E0B775 /* Debug */ = {
			isa = XCBuildConfiguration;
			buildSettings = {
				CODE_SIGN_STYLE = Automatic;
				DEVELOPMENT_TEAM = WZA497Y6EH;
				ENABLE_HARDENED_RUNTIME = YES;
				PRODUCT_NAME = "$(TARGET_NAME)";
			};
			name = Debug;
		};
		AAAADF682DA3557A00E0B775 /* Release */ = {
			isa = XCBuildConfiguration;
			buildSettings = {
				CODE_SIGN_STYLE = Automatic;
				DEVELOPMENT_TEAM = WZA497Y6EH;
				ENABLE_HARDENED_RUNTIME = YES;
				PRODUCT_NAME = "$(TARGET_NAME)";
			};
			name = Release;
		};
		AAAADF732DA360E900E0B775 /* Debug */ = {
			isa = XCBuildConfiguration;
			buildSettings = {
				CODE_SIGN_STYLE = Automatic;
				DEVELOPMENT_TEAM = WZA497Y6EH;
				ENABLE_HARDENED_RUNTIME = YES;
				PRODUCT_NAME = "$(TARGET_NAME)";
			};
			name = Debug;
		};
		AAAADF742DA360E900E0B775 /* Release */ = {
			isa = XCBuildConfiguration;
			buildSettings = {
				CODE_SIGN_STYLE = Automatic;
				DEVELOPMENT_TEAM = WZA497Y6EH;
				ENABLE_HARDENED_RUNTIME = YES;
				PRODUCT_NAME = "$(TARGET_NAME)";
			};
			name = Release;
		};
		AAAADF7E2DA36A9D00E0B775 /* Debug */ = {
			isa = XCBuildConfiguration;
			buildSettings = {
				CODE_SIGN_STYLE = Automatic;
				DEVELOPMENT_TEAM = WZA497Y6EH;
				ENABLE_HARDENED_RUNTIME = YES;
				PRODUCT_NAME = "$(TARGET_NAME)";
			};
			name = Debug;
		};
		AAAADF7F2DA36A9D00E0B775 /* Release */ = {
			isa = XCBuildConfiguration;
			buildSettings = {
				CODE_SIGN_STYLE = Automatic;
				DEVELOPMENT_TEAM = WZA497Y6EH;
				ENABLE_HARDENED_RUNTIME = YES;
				PRODUCT_NAME = "$(TARGET_NAME)";
			};
			name = Release;
		};
/* End XCBuildConfiguration section */

/* Begin XCConfigurationList section */
		AAA4664A2DA2971700E4112A /* Build configuration list for PBXNativeTarget "02_704. 二分查找" */ = {
			isa = XCConfigurationList;
			buildConfigurations = (
				AAA466482DA2971700E4112A /* Debug */,
				AAA466492DA2971700E4112A /* Release */,
			);
			defaultConfigurationIsVisible = 0;
			defaultConfigurationName = Release;
		};
		AAA466532DA2A76600E4112A /* Build configuration list for PBXNativeTarget "03_50. Pow(x, n)" */ = {
			isa = XCConfigurationList;
			buildConfigurations = (
				AAA466542DA2A76600E4112A /* Debug */,
				AAA466552DA2A76600E4112A /* Release */,
			);
			defaultConfigurationIsVisible = 0;
			defaultConfigurationName = Release;
		};
		AAA9BAED2DA20C76002DD156 /* Build configuration list for PBXProject "c_do_leetcode" */ = {
			isa = XCConfigurationList;
			buildConfigurations = (
				AAA9BAF72DA20C76002DD156 /* Debug */,
				AAA9BAF82DA20C76002DD156 /* Release */,
			);
			defaultConfigurationIsVisible = 0;
			defaultConfigurationName = Release;
		};
		AAA9BB082DA20DDE002DD156 /* Build configuration list for PBXNativeTarget "01_234. 回文链表" */ = {
			isa = XCConfigurationList;
			buildConfigurations = (
				AAA9BB062DA20DDE002DD156 /* Debug */,
				AAA9BB072DA20DDE002DD156 /* Release */,
			);
			defaultConfigurationIsVisible = 0;
			defaultConfigurationName = Release;
		};
		AAAADF692DA3557A00E0B775 /* Build configuration list for PBXNativeTarget "04_141. 环形链表" */ = {
			isa = XCConfigurationList;
			buildConfigurations = (
				AAAADF672DA3557A00E0B775 /* Debug */,
				AAAADF682DA3557A00E0B775 /* Release */,
			);
			defaultConfigurationIsVisible = 0;
			defaultConfigurationName = Release;
		};
		AAAADF722DA360E900E0B775 /* Build configuration list for PBXNativeTarget "05_142. 环形链表 II" */ = {
			isa = XCConfigurationList;
			buildConfigurations = (
				AAAADF732DA360E900E0B775 /* Debug */,
				AAAADF742DA360E900E0B775 /* Release */,
			);
			defaultConfigurationIsVisible = 0;
			defaultConfigurationName = Release;
		};
		AAAADF7D2DA36A9D00E0B775 /* Build configuration list for PBXNativeTarget "06_21. 合并两个有序链表" */ = {
			isa = XCConfigurationList;
			buildConfigurations = (
				AAAADF7E2DA36A9D00E0B775 /* Debug */,
				AAAADF7F2DA36A9D00E0B775 /* Release */,
			);
			defaultConfigurationIsVisible = 0;
			defaultConfigurationName = Release;
		};
/* End XCConfigurationList section */
	};
	rootObject = AAA9BAEA2DA20C76002DD156 /* Project object */;
}
